// !$*UTF8*$!
{
	archiveVersion = 1;
	classes = {
	};
	objectVersion = 46;
	objects = {

/* Begin PBXBuildFile section */
		2E0D9394155ACA8C003E7EC1 /* UIKit.framework in Frameworks */ = {isa = PBXBuildFile; fileRef = 2E0D9393155ACA8C003E7EC1 /* UIKit.framework */; };
		2E0D9396155ACA8C003E7EC1 /* Foundation.framework in Frameworks */ = {isa = PBXBuildFile; fileRef = 2E0D9395155ACA8C003E7EC1 /* Foundation.framework */; };
		2E0D9398155ACA8C003E7EC1 /* CoreGraphics.framework in Frameworks */ = {isa = PBXBuildFile; fileRef = 2E0D9397155ACA8C003E7EC1 /* CoreGraphics.framework */; };
		2E0D939A155ACA8C003E7EC1 /* CoreData.framework in Frameworks */ = {isa = PBXBuildFile; fileRef = 2E0D9399155ACA8C003E7EC1 /* CoreData.framework */; };
		2E0D93A0155ACA8C003E7EC1 /* InfoPlist.strings in Resources */ = {isa = PBXBuildFile; fileRef = 2E0D939E155ACA8C003E7EC1 /* InfoPlist.strings */; };
		2E0D93A2155ACA8C003E7EC1 /* main.m in Sources */ = {isa = PBXBuildFile; fileRef = 2E0D93A1155ACA8C003E7EC1 /* main.m */; };
		2E0D93A6155ACA8C003E7EC1 /* TurnsAppDelegate.m in Sources */ = {isa = PBXBuildFile; fileRef = 2E0D93A5155ACA8C003E7EC1 /* TurnsAppDelegate.m */; };
		2E0D93A9155ACA8C003E7EC1 /* MainStoryboard.storyboard in Resources */ = {isa = PBXBuildFile; fileRef = 2E0D93A7155ACA8C003E7EC1 /* MainStoryboard.storyboard */; };
		2E0D93AC155ACA8C003E7EC1 /* Turns.xcdatamodeld in Sources */ = {isa = PBXBuildFile; fileRef = 2E0D93AA155ACA8C003E7EC1 /* Turns.xcdatamodeld */; };
		2E0D93AF155ACA8D003E7EC1 /* TurnsMasterViewController.m in Sources */ = {isa = PBXBuildFile; fileRef = 2E0D93AE155ACA8D003E7EC1 /* TurnsMasterViewController.m */; };
		2E0D93B2155ACA8D003E7EC1 /* TurnsDetailViewController.m in Sources */ = {isa = PBXBuildFile; fileRef = 2E0D93B1155ACA8D003E7EC1 /* TurnsDetailViewController.m */; };
/* End PBXBuildFile section */

/* Begin PBXFileReference section */
		2E0D938F155ACA8C003E7EC1 /* Turns.app */ = {isa = PBXFileReference; explicitFileType = wrapper.application; includeInIndex = 0; path = Turns.app; sourceTree = BUILT_PRODUCTS_DIR; };
		2E0D9393155ACA8C003E7EC1 /* UIKit.framework */ = {isa = PBXFileReference; lastKnownFileType = wrapper.framework; name = UIKit.framework; path = System/Library/Frameworks/UIKit.framework; sourceTree = SDKROOT; };
		2E0D9395155ACA8C003E7EC1 /* Foundation.framework */ = {isa = PBXFileReference; lastKnownFileType = wrapper.framework; name = Foundation.framework; path = System/Library/Frameworks/Foundation.framework; sourceTree = SDKROOT; };
		2E0D9397155ACA8C003E7EC1 /* CoreGraphics.framework */ = {isa = PBXFileReference; lastKnownFileType = wrapper.framework; name = CoreGraphics.framework; path = System/Library/Frameworks/CoreGraphics.framework; sourceTree = SDKROOT; };
		2E0D9399155ACA8C003E7EC1 /* CoreData.framework */ = {isa = PBXFileReference; lastKnownFileType = wrapper.framework; name = CoreData.framework; path = System/Library/Frameworks/CoreData.framework; sourceTree = SDKROOT; };
		2E0D939D155ACA8C003E7EC1 /* Turns-Info.plist */ = {isa = PBXFileReference; lastKnownFileType = text.plist.xml; path = "Turns-Info.plist"; sourceTree = "<group>"; };
		2E0D939F155ACA8C003E7EC1 /* en */ = {isa = PBXFileReference; lastKnownFileType = text.plist.strings; name = en; path = en.lproj/InfoPlist.strings; sourceTree = "<group>"; };
		2E0D93A1155ACA8C003E7EC1 /* main.m */ = {isa = PBXFileReference; lastKnownFileType = sourcecode.c.objc; path = main.m; sourceTree = "<group>"; };
		2E0D93A3155ACA8C003E7EC1 /* Turns-Prefix.pch */ = {isa = PBXFileReference; lastKnownFileType = sourcecode.c.h; path = "Turns-Prefix.pch"; sourceTree = "<group>"; };
		2E0D93A4155ACA8C003E7EC1 /* TurnsAppDelegate.h */ = {isa = PBXFileReference; lastKnownFileType = sourcecode.c.h; path = TurnsAppDelegate.h; sourceTree = "<group>"; };
		2E0D93A5155ACA8C003E7EC1 /* TurnsAppDelegate.m */ = {isa = PBXFileReference; lastKnownFileType = sourcecode.c.objc; path = TurnsAppDelegate.m; sourceTree = "<group>"; };
		2E0D93A8155ACA8C003E7EC1 /* en */ = {isa = PBXFileReference; lastKnownFileType = file.storyboard; name = en; path = en.lproj/MainStoryboard.storyboard; sourceTree = "<group>"; };
		2E0D93AB155ACA8C003E7EC1 /* Turns.xcdatamodel */ = {isa = PBXFileReference; lastKnownFileType = wrapper.xcdatamodel; path = Turns.xcdatamodel; sourceTree = "<group>"; };
		2E0D93AD155ACA8C003E7EC1 /* TurnsMasterViewController.h */ = {isa = PBXFileReference; lastKnownFileType = sourcecode.c.h; path = TurnsMasterViewController.h; sourceTree = "<group>"; };
		2E0D93AE155ACA8D003E7EC1 /* TurnsMasterViewController.m */ = {isa = PBXFileReference; lastKnownFileType = sourcecode.c.objc; path = TurnsMasterViewController.m; sourceTree = "<group>"; };
		2E0D93B0155ACA8D003E7EC1 /* TurnsDetailViewController.h */ = {isa = PBXFileReference; lastKnownFileType = sourcecode.c.h; path = TurnsDetailViewController.h; sourceTree = "<group>"; };
		2E0D93B1155ACA8D003E7EC1 /* TurnsDetailViewController.m */ = {isa = PBXFileReference; lastKnownFileType = sourcecode.c.objc; path = TurnsDetailViewController.m; sourceTree = "<group>"; };
/* End PBXFileReference section */

/* Begin PBXFrameworksBuildPhase section */
		2E0D938C155ACA8C003E7EC1 /* Frameworks */ = {
			isa = PBXFrameworksBuildPhase;
			buildActionMask = 2147483647;
			files = (
				2E0D9394155ACA8C003E7EC1 /* UIKit.framework in Frameworks */,
				2E0D9396155ACA8C003E7EC1 /* Foundation.framework in Frameworks */,
				2E0D9398155ACA8C003E7EC1 /* CoreGraphics.framework in Frameworks */,
				2E0D939A155ACA8C003E7EC1 /* CoreData.framework in Frameworks */,
			);
			runOnlyForDeploymentPostprocessing = 0;
		};
/* End PBXFrameworksBuildPhase section */

/* Begin PBXGroup section */
		2E0D9384155ACA8C003E7EC1 = {
			isa = PBXGroup;
			children = (
				2E0D939B155ACA8C003E7EC1 /* Turns */,
				2E0D9392155ACA8C003E7EC1 /* Frameworks */,
				2E0D9390155ACA8C003E7EC1 /* Products */,
			);
			sourceTree = "<group>";
		};
		2E0D9390155ACA8C003E7EC1 /* Products */ = {
			isa = PBXGroup;
			children = (
				2E0D938F155ACA8C003E7EC1 /* Turns.app */,
			);
			name = Products;
			sourceTree = "<group>";
		};
		2E0D9392155ACA8C003E7EC1 /* Frameworks */ = {
			isa = PBXGroup;
			children = (
				2E0D9393155ACA8C003E7EC1 /* UIKit.framework */,
				2E0D9395155ACA8C003E7EC1 /* Foundation.framework */,
				2E0D9397155ACA8C003E7EC1 /* CoreGraphics.framework */,
				2E0D9399155ACA8C003E7EC1 /* CoreData.framework */,
			);
			name = Frameworks;
			sourceTree = "<group>";
		};
		2E0D939B155ACA8C003E7EC1 /* Turns */ = {
			isa = PBXGroup;
			children = (
				2E0D93A4155ACA8C003E7EC1 /* TurnsAppDelegate.h */,
				2E0D93A5155ACA8C003E7EC1 /* TurnsAppDelegate.m */,
				2E0D93A7155ACA8C003E7EC1 /* MainStoryboard.storyboard */,
				2E0D93AD155ACA8C003E7EC1 /* TurnsMasterViewController.h */,
				2E0D93AE155ACA8D003E7EC1 /* TurnsMasterViewController.m */,
				2E0D93B0155ACA8D003E7EC1 /* TurnsDetailViewController.h */,
				2E0D93B1155ACA8D003E7EC1 /* TurnsDetailViewController.m */,
				2E0D93AA155ACA8C003E7EC1 /* Turns.xcdatamodeld */,
				2E0D939C155ACA8C003E7EC1 /* Supporting Files */,
			);
			path = Turns;
			sourceTree = "<group>";
		};
		2E0D939C155ACA8C003E7EC1 /* Supporting Files */ = {
			isa = PBXGroup;
			children = (
				2E0D939D155ACA8C003E7EC1 /* Turns-Info.plist */,
				2E0D939E155ACA8C003E7EC1 /* InfoPlist.strings */,
				2E0D93A1155ACA8C003E7EC1 /* main.m */,
				2E0D93A3155ACA8C003E7EC1 /* Turns-Prefix.pch */,
			);
			name = "Supporting Files";
			sourceTree = "<group>";
		};
/* End PBXGroup section */

/* Begin PBXNativeTarget section */
		2E0D938E155ACA8C003E7EC1 /* Turns */ = {
			isa = PBXNativeTarget;
			buildConfigurationList = 2E0D93B5155ACA8D003E7EC1 /* Build configuration list for PBXNativeTarget "Turns" */;
			buildPhases = (
				2E0D938B155ACA8C003E7EC1 /* Sources */,
				2E0D938C155ACA8C003E7EC1 /* Frameworks */,
				2E0D938D155ACA8C003E7EC1 /* Resources */,
			);
			buildRules = (
			);
			dependencies = (
			);
			name = Turns;
			productName = Turns;
			productReference = 2E0D938F155ACA8C003E7EC1 /* Turns.app */;
			productType = "com.apple.product-type.application";
		};
/* End PBXNativeTarget section */

/* Begin PBXProject section */
		2E0D9386155ACA8C003E7EC1 /* Project object */ = {
			isa = PBXProject;
			attributes = {
				LastUpgradeCheck = 0420;
			};
			buildConfigurationList = 2E0D9389155ACA8C003E7EC1 /* Build configuration list for PBXProject "Turns" */;
			compatibilityVersion = "Xcode 3.2";
			developmentRegion = English;
			hasScannedForEncodings = 0;
			knownRegions = (
				en,
			);
			mainGroup = 2E0D9384155ACA8C003E7EC1;
			productRefGroup = 2E0D9390155ACA8C003E7EC1 /* Products */;
			projectDirPath = "";
			projectRoot = "";
			targets = (
				2E0D938E155ACA8C003E7EC1 /* Turns */,
			);
		};
/* End PBXProject section */

/* Begin PBXResourcesBuildPhase section */
		2E0D938D155ACA8C003E7EC1 /* Resources */ = {
			isa = PBXResourcesBuildPhase;
			buildActionMask = 2147483647;
			files = (
				2E0D93A0155ACA8C003E7EC1 /* InfoPlist.strings in Resources */,
				2E0D93A9155ACA8C003E7EC1 /* MainStoryboard.storyboard in Resources */,
			);
			runOnlyForDeploymentPostprocessing = 0;
		};
/* End PBXResourcesBuildPhase section */

/* Begin PBXSourcesBuildPhase section */
		2E0D938B155ACA8C003E7EC1 /* Sources */ = {
			isa = PBXSourcesBuildPhase;
			buildActionMask = 2147483647;
			files = (
				2E0D93A2155ACA8C003E7EC1 /* main.m in Sources */,
				2E0D93A6155ACA8C003E7EC1 /* TurnsAppDelegate.m in Sources */,
				2E0D93AC155ACA8C003E7EC1 /* Turns.xcdatamodeld in Sources */,
				2E0D93AF155ACA8D003E7EC1 /* TurnsMasterViewController.m in Sources */,
				2E0D93B2155ACA8D003E7EC1 /* TurnsDetailViewController.m in Sources */,
			);
			runOnlyForDeploymentPostprocessing = 0;
		};
/* End PBXSourcesBuildPhase section */

/* Begin PBXVariantGroup section */
		2E0D939E155ACA8C003E7EC1 /* InfoPlist.strings */ = {
			isa = PBXVariantGroup;
			children = (
				2E0D939F155ACA8C003E7EC1 /* en */,
			);
			name = InfoPlist.strings;
			sourceTree = "<group>";
		};
		2E0D93A7155ACA8C003E7EC1 /* MainStoryboard.storyboard */ = {
			isa = PBXVariantGroup;
			children = (
				2E0D93A8155ACA8C003E7EC1 /* en */,
			);
			name = MainStoryboard.storyboard;
			sourceTree = "<group>";
		};
/* End PBXVariantGroup section */

/* Begin XCBuildConfiguration section */
		2E0D93B3155ACA8D003E7EC1 /* Debug */ = {
			isa = XCBuildConfiguration;
			buildSettings = {
				ALWAYS_SEARCH_USER_PATHS = NO;
				ARCHS = "$(ARCHS_STANDARD_32_BIT)";
				CLANG_ENABLE_OBJC_ARC = YES;
				"CODE_SIGN_IDENTITY[sdk=iphoneos*]" = "iPhone Developer";
				COPY_PHASE_STRIP = NO;
				GCC_C_LANGUAGE_STANDARD = gnu99;
				GCC_DYNAMIC_NO_PIC = NO;
				GCC_OPTIMIZATION_LEVEL = 0;
				GCC_PREPROCESSOR_DEFINITIONS = (
					"DEBUG=1",
					"$(inherited)",
				);
				GCC_SYMBOLS_PRIVATE_EXTERN = NO;
				GCC_VERSION = com.apple.compilers.llvm.clang.1_0;
				GCC_WARN_ABOUT_MISSING_PROTOTYPES = YES;
				GCC_WARN_ABOUT_RETURN_TYPE = YES;
				GCC_WARN_UNUSED_VARIABLE = YES;
				IPHONEOS_DEPLOYMENT_TARGET = 5.0;
				SDKROOT = iphoneos;
			};
			name = Debug;
		};
		2E0D93B4155ACA8D003E7EC1 /* Release */ = {
			isa = XCBuildConfiguration;
			buildSettings = {
				ALWAYS_SEARCH_USER_PATHS = NO;
				ARCHS = "$(ARCHS_STANDARD_32_BIT)";
				CLANG_ENABLE_OBJC_ARC = YES;
				"CODE_SIGN_IDENTITY[sdk=iphoneos*]" = "iPhone Developer";
				COPY_PHASE_STRIP = YES;
				GCC_C_LANGUAGE_STANDARD = gnu99;
				GCC_VERSION = com.apple.compilers.llvm.clang.1_0;
				GCC_WARN_ABOUT_MISSING_PROTOTYPES = YES;
				GCC_WARN_ABOUT_RETURN_TYPE = YES;
				GCC_WARN_UNUSED_VARIABLE = YES;
				IPHONEOS_DEPLOYMENT_TARGET = 5.0;
				OTHER_CFLAGS = "-DNS_BLOCK_ASSERTIONS=1";
				SDKROOT = iphoneos;
				VALIDATE_PRODUCT = YES;
			};
			name = Release;
		};
		2E0D93B6155ACA8D003E7EC1 /* Debug */ = {
			isa = XCBuildConfiguration;
			buildSettings = {
				GCC_PRECOMPILE_PREFIX_HEADER = YES;
				GCC_PREFIX_HEADER = "Turns/Turns-Prefix.pch";
				INFOPLIST_FILE = "Turns/Turns-Info.plist";
				PRODUCT_NAME = "$(TARGET_NAME)";
				WRAPPER_EXTENSION = app;
			};
			name = Debug;
		};
		2E0D93B7155ACA8D003E7EC1 /* Release */ = {
			isa = XCBuildConfiguration;
			buildSettings = {
				GCC_PRECOMPILE_PREFIX_HEADER = YES;
				GCC_PREFIX_HEADER = "Turns/Turns-Prefix.pch";
				INFOPLIST_FILE = "Turns/Turns-Info.plist";
				PRODUCT_NAME = "$(TARGET_NAME)";
				WRAPPER_EXTENSION = app;
			};
			name = Release;
		};
/* End XCBuildConfiguration section */

/* Begin XCConfigurationList section */
		2E0D9389155ACA8C003E7EC1 /* Build configuration list for PBXProject "Turns" */ = {
			isa = XCConfigurationList;
			buildConfigurations = (
				2E0D93B3155ACA8D003E7EC1 /* Debug */,
				2E0D93B4155ACA8D003E7EC1 /* Release */,
			);
			defaultConfigurationIsVisible = 0;
			defaultConfigurationName = Release;
		};
		2E0D93B5155ACA8D003E7EC1 /* Build configuration list for PBXNativeTarget "Turns" */ = {
			isa = XCConfigurationList;
			buildConfigurations = (
				2E0D93B6155ACA8D003E7EC1 /* Debug */,
				2E0D93B7155ACA8D003E7EC1 /* Release */,
			);
			defaultConfigurationIsVisible = 0;
		};
/* End XCConfigurationList section */

/* Begin XCVersionGroup section */
		2E0D93AA155ACA8C003E7EC1 /* Turns.xcdatamodeld */ = {
			isa = XCVersionGroup;
			children = (
				2E0D93AB155ACA8C003E7EC1 /* Turns.xcdatamodel */,
			);
			currentVersion = 2E0D93AB155ACA8C003E7EC1 /* Turns.xcdatamodel */;
			path = Turns.xcdatamodeld;
			sourceTree = "<group>";
			versionGroupType = wrapper.xcdatamodel;
		};
/* End XCVersionGroup section */
	};
	rootObject = 2E0D9386155ACA8C003E7EC1 /* Project object */;
}
